<?xml version="1.0" encoding="utf-8"?>
<Project ToolsVersion="4.0" xmlns="http://schemas.microsoft.com/developer/msbuild/2003">
  <ItemGroup>
    <Filter Include="Resource Files">
      <UniqueIdentifier>{67DA6AB6-F800-4c08-8B7A-83BB121AAD01}</UniqueIdentifier>
      <Extensions>rc;ico;cur;bmp;dlg;rc2;rct;bin;rgs;gif;jpg;jpeg;jpe;resx;tiff;tif;png;wav;mfcribbon-ms</Extensions>
    </Filter>
    <Filter Include="Files">
      <UniqueIdentifier>{4FC737F1-C7A5-4376-A066-2A32D752A2FF}</UniqueIdentifier>
      <Extensions>cpp;c;cc;cxx;def;odl;idl;hpj;bat;asm;asmx</Extensions>
    </Filter>
  </ItemGroup>
  <ItemGroup>
    <ClCompile Include="SimpleUrbanGeometryGenerator.cpp">
      <Filter>Files</Filter>
    </ClCompile>
    <ClCompile Include="MatrixInfoLayer.cpp">
      <Filter>Files</Filter>
    </ClCompile>
    <ClCompile Include="SimpleRoadGraph.cpp">
      <Filter>Files</Filter>
    </ClCompile>
    <ClCompile Include="SimpleRoadGenerator.cpp">
      <Filter>Files</Filter>
    </ClCompile>
    <ClCompile Include="SimpleRoadGraphVertex.cpp">
      <Filter>Files</Filter>
    </ClCompile>
    <ClCompile Include="SimpleRoadGraphEdge.cpp">
      <Filter>Files</Filter>
    </ClCompile>
    <ClCompile Include="SimpleRoadGraphRenderer.cpp">
      <Filter>Files</Filter>
    </ClCompile>
    <ClCompile Include="SimpleRoadGraphExporter.cpp">
      <Filter>Files</Filter>
    </ClCompile>
    <ClCompile Include="SimpleRoadGraphImporter.cpp">
      <Filter>Files</Filter>
    </ClCompile>
    <ClCompile Include="SimpleRoadGraphOSMExporter.cpp">
      <Filter>Files</Filter>
    </ClCompile>
    <ClCompile Include="SimpleRoadGraphOSMImporter.cpp">
      <Filter>Files</Filter>
    </ClCompile>
    <ClCompile Include="SimpleBlockGenerator.cpp">
      <Filter>Files</Filter>
    </ClCompile>
  </ItemGroup>
  <ItemGroup>
    <ClInclude Include="SimpleUrbanGeometryGenerator.h">
      <Filter>Files</Filter>
    </ClInclude>
    <ClInclude Include="MatrixInfoLayer.h">
      <Filter>Files</Filter>
    </ClInclude>
    <ClInclude Include="SimpleRoadGraph.h">
      <Filter>Files</Filter>
    </ClInclude>
    <ClInclude Include="SimpleRoadGenerator.h">
      <Filter>Files</Filter>
    </ClInclude>
    <ClInclude Include="SimpleRoadGraphEdge.h">
      <Filter>Files</Filter>
    </ClInclude>
    <ClInclude Include="SimpleRoadGraphVertex.h">
      <Filter>Files</Filter>
    </ClInclude>
    <ClInclude Include="SimpleRoadGraphRenderer.h">
      <Filter>Files</Filter>
    </ClInclude>
    <ClInclude Include="SimpleRoadGraphExporter.h">
      <Filter>Files</Filter>
    </ClInclude>
    <ClInclude Include="SimpleRoadGraphImporter.h">
      <Filter>Files</Filter>
    </ClInclude>
    <ClInclude Include="SimpleRoadGraphOSMExporter.h">
      <Filter>Files</Filter>
    </ClInclude>
    <ClInclude Include="SimpleRoadGraphOSMImporter.h">
      <Filter>Files</Filter>
    </ClInclude>
    <ClInclude Include="SimpleBlockGenerator.h">
      <Filter>Files</Filter>
    </ClInclude>
  </ItemGroup>
</Project>